// !$*UTF8*$!
{
	archiveVersion = 1;
	classes = {
	};
	objectVersion = 56;
	objects = {

/* Begin PBXBuildFile section */
		8C315A2C2BA04D9C005763CC /* ProfileView.swift in Sources */ = {isa = PBXBuildFile; fileRef = 8C315A2B2BA04D9C005763CC /* ProfileView.swift */; };
		8C315A2E2BA05271005763CC /* SettingRowView.swift in Sources */ = {isa = PBXBuildFile; fileRef = 8C315A2D2BA05271005763CC /* SettingRowView.swift */; };
		8C5696632B9ADC1C0081F6C9 /* SwiftUIAuthAppApp.swift in Sources */ = {isa = PBXBuildFile; fileRef = 8C5696622B9ADC1C0081F6C9 /* SwiftUIAuthAppApp.swift */; };
		8C5696652B9ADC1C0081F6C9 /* ContentView.swift in Sources */ = {isa = PBXBuildFile; fileRef = 8C5696642B9ADC1C0081F6C9 /* ContentView.swift */; };
		8C5696672B9ADC200081F6C9 /* Assets.xcassets in Resources */ = {isa = PBXBuildFile; fileRef = 8C5696662B9ADC200081F6C9 /* Assets.xcassets */; };
		8C56966A2B9ADC200081F6C9 /* Preview Assets.xcassets in Resources */ = {isa = PBXBuildFile; fileRef = 8C5696692B9ADC200081F6C9 /* Preview Assets.xcassets */; };
		8C5696782B9ADE7A0081F6C9 /* LoginView.swift in Sources */ = {isa = PBXBuildFile; fileRef = 8C5696772B9ADE7A0081F6C9 /* LoginView.swift */; };
		8C56967A2B9AE2C90081F6C9 /* InputView.swift in Sources */ = {isa = PBXBuildFile; fileRef = 8C5696792B9AE2C90081F6C9 /* InputView.swift */; };
		8C578BBA2B9CA1A400939282 /* RegistrationView.swift in Sources */ = {isa = PBXBuildFile; fileRef = 8C578BB92B9CA1A400939282 /* RegistrationView.swift */; };
		8CA779732BA1593500190D6A /* ListCheck.swift in Sources */ = {isa = PBXBuildFile; fileRef = 8CA779722BA1593500190D6A /* ListCheck.swift */; };
		8CA779752BA162D000190D6A /* User.swift in Sources */ = {isa = PBXBuildFile; fileRef = 8CA779742BA162D000190D6A /* User.swift */; };
/* End PBXBuildFile section */

/* Begin PBXFileReference section */
		8C315A2B2BA04D9C005763CC /* ProfileView.swift */ = {isa = PBXFileReference; lastKnownFileType = sourcecode.swift; path = ProfileView.swift; sourceTree = "<group>"; };
		8C315A2D2BA05271005763CC /* SettingRowView.swift */ = {isa = PBXFileReference; lastKnownFileType = sourcecode.swift; path = SettingRowView.swift; sourceTree = "<group>"; };
		8C56965F2B9ADC1C0081F6C9 /* SwiftUIAuthApp.app */ = {isa = PBXFileReference; explicitFileType = wrapper.application; includeInIndex = 0; path = SwiftUIAuthApp.app; sourceTree = BUILT_PRODUCTS_DIR; };
		8C5696622B9ADC1C0081F6C9 /* SwiftUIAuthAppApp.swift */ = {isa = PBXFileReference; lastKnownFileType = sourcecode.swift; path = SwiftUIAuthAppApp.swift; sourceTree = "<group>"; };
		8C5696642B9ADC1C0081F6C9 /* ContentView.swift */ = {isa = PBXFileReference; lastKnownFileType = sourcecode.swift; path = ContentView.swift; sourceTree = "<group>"; };
		8C5696662B9ADC200081F6C9 /* Assets.xcassets */ = {isa = PBXFileReference; lastKnownFileType = folder.assetcatalog; path = Assets.xcassets; sourceTree = "<group>"; };
		8C5696692B9ADC200081F6C9 /* Preview Assets.xcassets */ = {isa = PBXFileReference; lastKnownFileType = folder.assetcatalog; path = "Preview Assets.xcassets"; sourceTree = "<group>"; };
		8C5696772B9ADE7A0081F6C9 /* LoginView.swift */ = {isa = PBXFileReference; lastKnownFileType = sourcecode.swift; path = LoginView.swift; sourceTree = "<group>"; };
		8C5696792B9AE2C90081F6C9 /* InputView.swift */ = {isa = PBXFileReference; lastKnownFileType = sourcecode.swift; path = InputView.swift; sourceTree = "<group>"; };
		8C578BB92B9CA1A400939282 /* RegistrationView.swift */ = {isa = PBXFileReference; lastKnownFileType = sourcecode.swift; path = RegistrationView.swift; sourceTree = "<group>"; };
		8CA779722BA1593500190D6A /* ListCheck.swift */ = {isa = PBXFileReference; lastKnownFileType = sourcecode.swift; path = ListCheck.swift; sourceTree = "<group>"; };
		8CA779742BA162D000190D6A /* User.swift */ = {isa = PBXFileReference; lastKnownFileType = sourcecode.swift; path = User.swift; sourceTree = "<group>"; };
/* End PBXFileReference section */

/* Begin PBXFrameworksBuildPhase section */
		8C56965C2B9ADC1C0081F6C9 /* Frameworks */ = {
			isa = PBXFrameworksBuildPhase;
			buildActionMask = 2147483647;
			files = (
			);
			runOnlyForDeploymentPostprocessing = 0;
		};
/* End PBXFrameworksBuildPhase section */

/* Begin PBXGroup section */
		8C5696562B9ADC1B0081F6C9 = {
			isa = PBXGroup;
			children = (
				8C5696612B9ADC1C0081F6C9 /* SwiftUIAuthApp */,
				8C5696602B9ADC1C0081F6C9 /* Products */,
			);
			sourceTree = "<group>";
		};
		8C5696602B9ADC1C0081F6C9 /* Products */ = {
			isa = PBXGroup;
			children = (
				8C56965F2B9ADC1C0081F6C9 /* SwiftUIAuthApp.app */,
			);
			name = Products;
			sourceTree = "<group>";
		};
		8C5696612B9ADC1C0081F6C9 /* SwiftUIAuthApp */ = {
			isa = PBXGroup;
			children = (
				8C5696712B9ADD870081F6C9 /* Components */,
				8C5696732B9ADDB60081F6C9 /* Model */,
				8C5696722B9ADD970081F6C9 /* Core */,
				8C5696702B9ADD7D0081F6C9 /* App */,
				8C5696662B9ADC200081F6C9 /* Assets.xcassets */,
				8C5696682B9ADC200081F6C9 /* Preview Content */,
			);
			path = SwiftUIAuthApp;
			sourceTree = "<group>";
		};
		8C5696682B9ADC200081F6C9 /* Preview Content */ = {
			isa = PBXGroup;
			children = (
				8C5696692B9ADC200081F6C9 /* Preview Assets.xcassets */,
			);
			path = "Preview Content";
			sourceTree = "<group>";
		};
		8C5696702B9ADD7D0081F6C9 /* App */ = {
			isa = PBXGroup;
			children = (
				8C5696622B9ADC1C0081F6C9 /* SwiftUIAuthAppApp.swift */,
			);
			path = App;
			sourceTree = "<group>";
		};
		8C5696712B9ADD870081F6C9 /* Components */ = {
			isa = PBXGroup;
			children = (
				8C5696792B9AE2C90081F6C9 /* InputView.swift */,
				8C315A2D2BA05271005763CC /* SettingRowView.swift */,
			);
			path = Components;
			sourceTree = "<group>";
		};
		8C5696722B9ADD970081F6C9 /* Core */ = {
			isa = PBXGroup;
			children = (
				8C5696752B9ADE0D0081F6C9 /* Authentication */,
				8C5696762B9ADE1F0081F6C9 /* Profile */,
				8C5696742B9ADDDE0081F6C9 /* Root */,
			);
			path = Core;
			sourceTree = "<group>";
		};
		8C5696732B9ADDB60081F6C9 /* Model */ = {
			isa = PBXGroup;
			children = (
				8CA779742BA162D000190D6A /* User.swift */,
			);
			path = Model;
			sourceTree = "<group>";
		};
		8C5696742B9ADDDE0081F6C9 /* Root */ = {
			isa = PBXGroup;
			children = (
				8C5696642B9ADC1C0081F6C9 /* ContentView.swift */,
			);
			path = Root;
			sourceTree = "<group>";
		};
		8C5696752B9ADE0D0081F6C9 /* Authentication */ = {
			isa = PBXGroup;
			children = (
				8C5696772B9ADE7A0081F6C9 /* LoginView.swift */,
				8C578BB92B9CA1A400939282 /* RegistrationView.swift */,
			);
			path = Authentication;
			sourceTree = "<group>";
		};
		8C5696762B9ADE1F0081F6C9 /* Profile */ = {
			isa = PBXGroup;
			children = (
				8C315A2B2BA04D9C005763CC /* ProfileView.swift */,
				8CA779722BA1593500190D6A /* ListCheck.swift */,
			);
			path = Profile;
			sourceTree = "<group>";
		};
/* End PBXGroup section */

/* Begin PBXNativeTarget section */
		8C56965E2B9ADC1C0081F6C9 /* SwiftUIAuthApp */ = {
			isa = PBXNativeTarget;
			buildConfigurationList = 8C56966D2B9ADC200081F6C9 /* Build configuration list for PBXNativeTarget "SwiftUIAuthApp" */;
			buildPhases = (
				8C56965B2B9ADC1C0081F6C9 /* Sources */,
				8C56965C2B9ADC1C0081F6C9 /* Frameworks */,
				8C56965D2B9ADC1C0081F6C9 /* Resources */,
			);
			buildRules = (
			);
			dependencies = (
			);
			name = SwiftUIAuthApp;
			productName = SwiftUIAuthApp;
			productReference = 8C56965F2B9ADC1C0081F6C9 /* SwiftUIAuthApp.app */;
			productType = "com.apple.product-type.application";
		};
/* End PBXNativeTarget section */

/* Begin PBXProject section */
		8C5696572B9ADC1B0081F6C9 /* Project object */ = {
			isa = PBXProject;
			attributes = {
				BuildIndependentTargetsInParallel = 1;
				LastSwiftUpdateCheck = 1420;
				LastUpgradeCheck = 1420;
				TargetAttributes = {
					8C56965E2B9ADC1C0081F6C9 = {
						CreatedOnToolsVersion = 14.2;
					};
				};
			};
			buildConfigurationList = 8C56965A2B9ADC1B0081F6C9 /* Build configuration list for PBXProject "SwiftUIAuthApp" */;
			compatibilityVersion = "Xcode 14.0";
			developmentRegion = en;
			hasScannedForEncodings = 0;
			knownRegions = (
				en,
				Base,
			);
			mainGroup = 8C5696562B9ADC1B0081F6C9;
			productRefGroup = 8C5696602B9ADC1C0081F6C9 /* Products */;
			projectDirPath = "";
			projectRoot = "";
			targets = (
				8C56965E2B9ADC1C0081F6C9 /* SwiftUIAuthApp */,
			);
		};
/* End PBXProject section */

/* Begin PBXResourcesBuildPhase section */
		8C56965D2B9ADC1C0081F6C9 /* Resources */ = {
			isa = PBXResourcesBuildPhase;
			buildActionMask = 2147483647;
			files = (
				8C56966A2B9ADC200081F6C9 /* Preview Assets.xcassets in Resources */,
				8C5696672B9ADC200081F6C9 /* Assets.xcassets in Resources */,
			);
			runOnlyForDeploymentPostprocessing = 0;
		};
/* End PBXResourcesBuildPhase section */

/* Begin PBXSourcesBuildPhase section */
		8C56965B2B9ADC1C0081F6C9 /* Sources */ = {
			isa = PBXSourcesBuildPhase;
			buildActionMask = 2147483647;
			files = (
				8C5696782B9ADE7A0081F6C9 /* LoginView.swift in Sources */,
				8C56967A2B9AE2C90081F6C9 /* InputView.swift in Sources */,
				8C315A2E2BA05271005763CC /* SettingRowView.swift in Sources */,
				8C5696652B9ADC1C0081F6C9 /* ContentView.swift in Sources */,
				8CA779732BA1593500190D6A /* ListCheck.swift in Sources */,
				8CA779752BA162D000190D6A /* User.swift in Sources */,
				8C5696632B9ADC1C0081F6C9 /* SwiftUIAuthAppApp.swift in Sources */,
				8C315A2C2BA04D9C005763CC /* ProfileView.swift in Sources */,
				8C578BBA2B9CA1A400939282 /* RegistrationView.swift in Sources */,
			);
			runOnlyForDeploymentPostprocessing = 0;
		};
/* End PBXSourcesBuildPhase section */

/* Begin XCBuildConfiguration section */
		8C56966B2B9ADC200081F6C9 /* Debug */ = {
			isa = XCBuildConfiguration;
			buildSettings = {
				ALWAYS_SEARCH_USER_PATHS = NO;
				CLANG_ANALYZER_NONNULL = YES;
				CLANG_ANALYZER_NUMBER_OBJECT_CONVERSION = YES_AGGRESSIVE;
				CLANG_CXX_LANGUAGE_STANDARD = "gnu++20";
				CLANG_ENABLE_MODULES = YES;
				CLANG_ENABLE_OBJC_ARC = YES;
				CLANG_ENABLE_OBJC_WEAK = YES;
				CLANG_WARN_BLOCK_CAPTURE_AUTORELEASING = YES;
				CLANG_WARN_BOOL_CONVERSION = YES;
				CLANG_WARN_COMMA = YES;
				CLANG_WARN_CONSTANT_CONVERSION = YES;
				CLANG_WARN_DEPRECATED_OBJC_IMPLEMENTATIONS = YES;
				CLANG_WARN_DIRECT_OBJC_ISA_USAGE = YES_ERROR;
				CLANG_WARN_DOCUMENTATION_COMMENTS = YES;
				CLANG_WARN_EMPTY_BODY = YES;
				CLANG_WARN_ENUM_CONVERSION = YES;
				CLANG_WARN_INFINITE_RECURSION = YES;
				CLANG_WARN_INT_CONVERSION = YES;
				CLANG_WARN_NON_LITERAL_NULL_CONVERSION = YES;
				CLANG_WARN_OBJC_IMPLICIT_RETAIN_SELF = YES;
				CLANG_WARN_OBJC_LITERAL_CONVERSION = YES;
				CLANG_WARN_OBJC_ROOT_CLASS = YES_ERROR;
				CLANG_WARN_QUOTED_INCLUDE_IN_FRAMEWORK_HEADER = YES;
				CLANG_WARN_RANGE_LOOP_ANALYSIS = YES;
				CLANG_WARN_STRICT_PROTOTYPES = YES;
				CLANG_WARN_SUSPICIOUS_MOVE = YES;
				CLANG_WARN_UNGUARDED_AVAILABILITY = YES_AGGRESSIVE;
				CLANG_WARN_UNREACHABLE_CODE = YES;
				CLANG_WARN__DUPLICATE_METHOD_MATCH = YES;
				COPY_PHASE_STRIP = NO;
				DEBUG_INFORMATION_FORMAT = dwarf;
				ENABLE_STRICT_OBJC_MSGSEND = YES;
				ENABLE_TESTABILITY = YES;
				GCC_C_LANGUAGE_STANDARD = gnu11;
				GCC_DYNAMIC_NO_PIC = NO;
				GCC_NO_COMMON_BLOCKS = YES;
				GCC_OPTIMIZATION_LEVEL = 0;
				GCC_PREPROCESSOR_DEFINITIONS = (
					"DEBUG=1",
					"$(inherited)",
				);
				GCC_WARN_64_TO_32_BIT_CONVERSION = YES;
				GCC_WARN_ABOUT_RETURN_TYPE = YES_ERROR;
				GCC_WARN_UNDECLARED_SELECTOR = YES;
				GCC_WARN_UNINITIALIZED_AUTOS = YES_AGGRESSIVE;
				GCC_WARN_UNUSED_FUNCTION = YES;
				GCC_WARN_UNUSED_VARIABLE = YES;
				IPHONEOS_DEPLOYMENT_TARGET = 16.2;
				MTL_ENABLE_DEBUG_INFO = INCLUDE_SOURCE;
				MTL_FAST_MATH = YES;
				ONLY_ACTIVE_ARCH = YES;
				SDKROOT = iphoneos;
				SWIFT_ACTIVE_COMPILATION_CONDITIONS = DEBUG;
				SWIFT_OPTIMIZATION_LEVEL = "-Onone";
			};
			name = Debug;
		};
		8C56966C2B9ADC200081F6C9 /* Release */ = {
			isa = XCBuildConfiguration;
			buildSettings = {
				ALWAYS_SEARCH_USER_PATHS = NO;
				CLANG_ANALYZER_NONNULL = YES;
				CLANG_ANALYZER_NUMBER_OBJECT_CONVERSION = YES_AGGRESSIVE;
				CLANG_CXX_LANGUAGE_STANDARD = "gnu++20";
				CLANG_ENABLE_MODULES = YES;
				CLANG_ENABLE_OBJC_ARC = YES;
				CLANG_ENABLE_OBJC_WEAK = YES;
				CLANG_WARN_BLOCK_CAPTURE_AUTORELEASING = YES;
				CLANG_WARN_BOOL_CONVERSION = YES;
				CLANG_WARN_COMMA = YES;
				CLANG_WARN_CONSTANT_CONVERSION = YES;
				CLANG_WARN_DEPRECATED_OBJC_IMPLEMENTATIONS = YES;
				CLANG_WARN_DIRECT_OBJC_ISA_USAGE = YES_ERROR;
				CLANG_WARN_DOCUMENTATION_COMMENTS = YES;
				CLANG_WARN_EMPTY_BODY = YES;
				CLANG_WARN_ENUM_CONVERSION = YES;
				CLANG_WARN_INFINITE_RECURSION = YES;
				CLANG_WARN_INT_CONVERSION = YES;
				CLANG_WARN_NON_LITERAL_NULL_CONVERSION = YES;
				CLANG_WARN_OBJC_IMPLICIT_RETAIN_SELF = YES;
				CLANG_WARN_OBJC_LITERAL_CONVERSION = YES;
				CLANG_WARN_OBJC_ROOT_CLASS = YES_ERROR;
				CLANG_WARN_QUOTED_INCLUDE_IN_FRAMEWORK_HEADER = YES;
				CLANG_WARN_RANGE_LOOP_ANALYSIS = YES;
				CLANG_WARN_STRICT_PROTOTYPES = YES;
				CLANG_WARN_SUSPICIOUS_MOVE = YES;
				CLANG_WARN_UNGUARDED_AVAILABILITY = YES_AGGRESSIVE;
				CLANG_WARN_UNREACHABLE_CODE = YES;
				CLANG_WARN__DUPLICATE_METHOD_MATCH = YES;
				COPY_PHASE_STRIP = NO;
				DEBUG_INFORMATION_FORMAT = "dwarf-with-dsym";
				ENABLE_NS_ASSERTIONS = NO;
				ENABLE_STRICT_OBJC_MSGSEND = YES;
				GCC_C_LANGUAGE_STANDARD = gnu11;
				GCC_NO_COMMON_BLOCKS = YES;
				GCC_WARN_64_TO_32_BIT_CONVERSION = YES;
				GCC_WARN_ABOUT_RETURN_TYPE = YES_ERROR;
				GCC_WARN_UNDECLARED_SELECTOR = YES;
				GCC_WARN_UNINITIALIZED_AUTOS = YES_AGGRESSIVE;
				GCC_WARN_UNUSED_FUNCTION = YES;
				GCC_WARN_UNUSED_VARIABLE = YES;
				IPHONEOS_DEPLOYMENT_TARGET = 16.2;
				MTL_ENABLE_DEBUG_INFO = NO;
				MTL_FAST_MATH = YES;
				SDKROOT = iphoneos;
				SWIFT_COMPILATION_MODE = wholemodule;
				SWIFT_OPTIMIZATION_LEVEL = "-O";
				VALIDATE_PRODUCT = YES;
			};
			name = Release;
		};
		8C56966E2B9ADC200081F6C9 /* Debug */ = {
			isa = XCBuildConfiguration;
			buildSettings = {
				ASSETCATALOG_COMPILER_APPICON_NAME = AppIcon;
				ASSETCATALOG_COMPILER_GLOBAL_ACCENT_COLOR_NAME = AccentColor;
				CODE_SIGN_STYLE = Automatic;
				CURRENT_PROJECT_VERSION = 1;
				DEVELOPMENT_ASSET_PATHS = "\"SwiftUIAuthApp/Preview Content\"";
				DEVELOPMENT_TEAM = 8GT4JL8TRR;
				ENABLE_PREVIEWS = YES;
				GENERATE_INFOPLIST_FILE = YES;
				INFOPLIST_KEY_UIApplicationSceneManifest_Generation = YES;
				INFOPLIST_KEY_UIApplicationSupportsIndirectInputEvents = YES;
				INFOPLIST_KEY_UILaunchScreen_Generation = YES;
				INFOPLIST_KEY_UISupportedInterfaceOrientations_iPad = "UIInterfaceOrientationPortrait UIInterfaceOrientationPortraitUpsideDown UIInterfaceOrientationLandscapeLeft UIInterfaceOrientationLandscapeRight";
				INFOPLIST_KEY_UISupportedInterfaceOrientations_iPhone = "UIInterfaceOrientationPortrait UIInterfaceOrientationLandscapeLeft UIInterfaceOrientationLandscapeRight";
				LD_RUNPATH_SEARCH_PATHS = (
					"$(inherited)",
					"@executable_path/Frameworks",
				);
				MARKETING_VERSION = 1.0;
				PRODUCT_BUNDLE_IDENTIFIER = app.emedia.SwiftUIAuthApp;
				PRODUCT_NAME = "$(TARGET_NAME)";
				SWIFT_EMIT_LOC_STRINGS = YES;
				SWIFT_VERSION = 5.0;
				TARGETED_DEVICE_FAMILY = "1,2";
			};
			name = Debug;
		};
		8C56966F2B9ADC200081F6C9 /* Release */ = {
			isa = XCBuildConfiguration;
			buildSettings = {
				ASSETCATALOG_COMPILER_APPICON_NAME = AppIcon;
				ASSETCATALOG_COMPILER_GLOBAL_ACCENT_COLOR_NAME = AccentColor;
				CODE_SIGN_STYLE = Automatic;
				CURRENT_PROJECT_VERSION = 1;
				DEVELOPMENT_ASSET_PATHS = "\"SwiftUIAuthApp/Preview Content\"";
				DEVELOPMENT_TEAM = 8GT4JL8TRR;
				ENABLE_PREVIEWS = YES;
				GENERATE_INFOPLIST_FILE = YES;
				INFOPLIST_KEY_UIApplicationSceneManifest_Generation = YES;
				INFOPLIST_KEY_UIApplicationSupportsIndirectInputEvents = YES;
				INFOPLIST_KEY_UILaunchScreen_Generation = YES;
				INFOPLIST_KEY_UISupportedInterfaceOrientations_iPad = "UIInterfaceOrientationPortrait UIInterfaceOrientationPortraitUpsideDown UIInterfaceOrientationLandscapeLeft UIInterfaceOrientationLandscapeRight";
				INFOPLIST_KEY_UISupportedInterfaceOrientations_iPhone = "UIInterfaceOrientationPortrait UIInterfaceOrientationLandscapeLeft UIInterfaceOrientationLandscapeRight";
				LD_RUNPATH_SEARCH_PATHS = (
					"$(inherited)",
					"@executable_path/Frameworks",
				);
				MARKETING_VERSION = 1.0;
				PRODUCT_BUNDLE_IDENTIFIER = app.emedia.SwiftUIAuthApp;
				PRODUCT_NAME = "$(TARGET_NAME)";
				SWIFT_EMIT_LOC_STRINGS = YES;
				SWIFT_VERSION = 5.0;
				TARGETED_DEVICE_FAMILY = "1,2";
			};
			name = Release;
		};
/* End XCBuildConfiguration section */

/* Begin XCConfigurationList section */
		8C56965A2B9ADC1B0081F6C9 /* Build configuration list for PBXProject "SwiftUIAuthApp" */ = {
			isa = XCConfigurationList;
			buildConfigurations = (
				8C56966B2B9ADC200081F6C9 /* Debug */,
				8C56966C2B9ADC200081F6C9 /* Release */,
			);
			defaultConfigurationIsVisible = 0;
			defaultConfigurationName = Release;
		};
		8C56966D2B9ADC200081F6C9 /* Build configuration list for PBXNativeTarget "SwiftUIAuthApp" */ = {
			isa = XCConfigurationList;
			buildConfigurations = (
				8C56966E2B9ADC200081F6C9 /* Debug */,
				8C56966F2B9ADC200081F6C9 /* Release */,
			);
			defaultConfigurationIsVisible = 0;
			defaultConfigurationName = Release;
		};
/* End XCConfigurationList section */
	};
	rootObject = 8C5696572B9ADC1B0081F6C9 /* Project object */;
}
